// !$*UTF8*$!
{
	archiveVersion = 1;
	classes = {
	};
	objectVersion = 46;
	objects = {

/* Begin PBXBuildFile section */
		AEAB71771C75B44E001C1FEA /* AppDelegate.swift in Sources */ = {isa = PBXBuildFile; fileRef = AEAB71761C75B44E001C1FEA /* AppDelegate.swift */; };
		AEAB71791C75B44E001C1FEA /* ViewController.swift in Sources */ = {isa = PBXBuildFile; fileRef = AEAB71781C75B44E001C1FEA /* ViewController.swift */; };
		AEAB717C1C75B44E001C1FEA /* Main.storyboard in Resources */ = {isa = PBXBuildFile; fileRef = AEAB717A1C75B44E001C1FEA /* Main.storyboard */; };
		AEAB717E1C75B44E001C1FEA /* Assets.xcassets in Resources */ = {isa = PBXBuildFile; fileRef = AEAB717D1C75B44E001C1FEA /* Assets.xcassets */; };
		AEAB71811C75B44E001C1FEA /* LaunchScreen.storyboard in Resources */ = {isa = PBXBuildFile; fileRef = AEAB717F1C75B44E001C1FEA /* LaunchScreen.storyboard */; };
		AEAB71891C75B69B001C1FEA /* MailboxViewController.swift in Sources */ = {isa = PBXBuildFile; fileRef = AEAB71881C75B69B001C1FEA /* MailboxViewController.swift */; };
/* End PBXBuildFile section */

/* Begin PBXFileReference section */
		AEAB71731C75B44E001C1FEA /* Mailbox.app */ = {isa = PBXFileReference; explicitFileType = wrapper.application; includeInIndex = 0; path = Mailbox.app; sourceTree = BUILT_PRODUCTS_DIR; };
		AEAB71761C75B44E001C1FEA /* AppDelegate.swift */ = {isa = PBXFileReference; lastKnownFileType = sourcecode.swift; path = AppDelegate.swift; sourceTree = "<group>"; };
		AEAB71781C75B44E001C1FEA /* ViewController.swift */ = {isa = PBXFileReference; lastKnownFileType = sourcecode.swift; path = ViewController.swift; sourceTree = "<group>"; };
		AEAB717B1C75B44E001C1FEA /* Base */ = {isa = PBXFileReference; lastKnownFileType = file.storyboard; name = Base; path = Base.lproj/Main.storyboard; sourceTree = "<group>"; };
		AEAB717D1C75B44E001C1FEA /* Assets.xcassets */ = {isa = PBXFileReference; lastKnownFileType = folder.assetcatalog; path = Assets.xcassets; sourceTree = "<group>"; };
		AEAB71801C75B44E001C1FEA /* Base */ = {isa = PBXFileReference; lastKnownFileType = file.storyboard; name = Base; path = Base.lproj/LaunchScreen.storyboard; sourceTree = "<group>"; };
		AEAB71821C75B44E001C1FEA /* Info.plist */ = {isa = PBXFileReference; lastKnownFileType = text.plist.xml; path = Info.plist; sourceTree = "<group>"; };
		AEAB71881C75B69B001C1FEA /* MailboxViewController.swift */ = {isa = PBXFileReference; fileEncoding = 4; lastKnownFileType = sourcecode.swift; path = MailboxViewController.swift; sourceTree = "<group>"; };
/* End PBXFileReference section */

/* Begin PBXFrameworksBuildPhase section */
		AEAB71701C75B44E001C1FEA /* Frameworks */ = {
			isa = PBXFrameworksBuildPhase;
			buildActionMask = 2147483647;
			files = (
			);
			runOnlyForDeploymentPostprocessing = 0;
		};
/* End PBXFrameworksBuildPhase section */

/* Begin PBXGroup section */
		AEAB716A1C75B44E001C1FEA = {
			isa = PBXGroup;
			children = (
				AEAB71751C75B44E001C1FEA /* Mailbox */,
				AEAB71741C75B44E001C1FEA /* Products */,
			);
			sourceTree = "<group>";
		};
		AEAB71741C75B44E001C1FEA /* Products */ = {
			isa = PBXGroup;
			children = (
				AEAB71731C75B44E001C1FEA /* Mailbox.app */,
			);
			name = Products;
			sourceTree = "<group>";
		};
		AEAB71751C75B44E001C1FEA /* Mailbox */ = {
			isa = PBXGroup;
			children = (
				AEAB71761C75B44E001C1FEA /* AppDelegate.swift */,
				AEAB71781C75B44E001C1FEA /* ViewController.swift */,
				AEAB717A1C75B44E001C1FEA /* Main.storyboard */,
				AEAB717D1C75B44E001C1FEA /* Assets.xcassets */,
				AEAB717F1C75B44E001C1FEA /* LaunchScreen.storyboard */,
				AEAB71881C75B69B001C1FEA /* MailboxViewController.swift */,
				AEAB71821C75B44E001C1FEA /* Info.plist */,
			);
			path = Mailbox;
			sourceTree = "<group>";
		};
/* End PBXGroup section */

/* Begin PBXNativeTarget section */
		AEAB71721C75B44E001C1FEA /* Mailbox */ = {
			isa = PBXNativeTarget;
			buildConfigurationList = AEAB71851C75B44E001C1FEA /* Build configuration list for PBXNativeTarget "Mailbox" */;
			buildPhases = (
				AEAB716F1C75B44E001C1FEA /* Sources */,
				AEAB71701C75B44E001C1FEA /* Frameworks */,
				AEAB71711C75B44E001C1FEA /* Resources */,
			);
			buildRules = (
			);
			dependencies = (
			);
			name = Mailbox;
			productName = Mailbox;
			productReference = AEAB71731C75B44E001C1FEA /* Mailbox.app */;
			productType = "com.apple.product-type.application";
		};
/* End PBXNativeTarget section */

/* Begin PBXProject section */
		AEAB716B1C75B44E001C1FEA /* Project object */ = {
			isa = PBXProject;
			attributes = {
				LastSwiftUpdateCheck = 0720;
				LastUpgradeCheck = 0720;
				ORGANIZATIONNAME = "Jenn Leung";
				TargetAttributes = {
					AEAB71721C75B44E001C1FEA = {
						CreatedOnToolsVersion = 7.2.1;
						DevelopmentTeam = S4ETW8LQG4;
					};
				};
			};
			buildConfigurationList = AEAB716E1C75B44E001C1FEA /* Build configuration list for PBXProject "Mailbox" */;
			compatibilityVersion = "Xcode 3.2";
			developmentRegion = English;
			hasScannedForEncodings = 0;
			knownRegions = (
				en,
				Base,
			);
			mainGroup = AEAB716A1C75B44E001C1FEA;
			productRefGroup = AEAB71741C75B44E001C1FEA /* Products */;
			projectDirPath = "";
			projectRoot = "";
			targets = (
				AEAB71721C75B44E001C1FEA /* Mailbox */,
			);
		};
/* End PBXProject section */

/* Begin PBXResourcesBuildPhase section */
		AEAB71711C75B44E001C1FEA /* Resources */ = {
			isa = PBXResourcesBuildPhase;
			buildActionMask = 2147483647;
			files = (
				AEAB71811C75B44E001C1FEA /* LaunchScreen.storyboard in Resources */,
				AEAB717E1C75B44E001C1FEA /* Assets.xcassets in Resources */,
				AEAB717C1C75B44E001C1FEA /* Main.storyboard in Resources */,
			);
			runOnlyForDeploymentPostprocessing = 0;
		};
/* End PBXResourcesBuildPhase section */

/* Begin PBXSourcesBuildPhase section */
		AEAB716F1C75B44E001C1FEA /* Sources */ = {
			isa = PBXSourcesBuildPhase;
			buildActionMask = 2147483647;
			files = (
				AEAB71791C75B44E001C1FEA /* ViewController.swift in Sources */,
				AEAB71771C75B44E001C1FEA /* AppDelegate.swift in Sources */,
				AEAB71891C75B69B001C1FEA /* MailboxViewController.swift in Sources */,
			);
			runOnlyForDeploymentPostprocessing = 0;
		};
/* End PBXSourcesBuildPhase section */

/* Begin PBXVariantGroup section */
		AEAB717A1C75B44E001C1FEA /* Main.storyboard */ = {
			isa = PBXVariantGroup;
			children = (
				AEAB717B1C75B44E001C1FEA /* Base */,
			);
			name = Main.storyboard;
			sourceTree = "<group>";
		};
		AEAB717F1C75B44E001C1FEA /* LaunchScreen.storyboard */ = {
			isa = PBXVariantGroup;
			children = (
				AEAB71801C75B44E001C1FEA /* Base */,
			);
			name = LaunchScreen.storyboard;
			sourceTree = "<group>";
		};
/* End PBXVariantGroup section */

/* Begin XCBuildConfiguration section */
		AEAB71831C75B44E001C1FEA /* Debug */ = {
			isa = XCBuildConfiguration;
			buildSettings = {
				ALWAYS_SEARCH_USER_PATHS = NO;
				CLANG_CXX_LANGUAGE_STANDARD = "gnu++0x";
				CLANG_CXX_LIBRARY = "libc++";
				CLANG_ENABLE_MODULES = YES;
				CLANG_ENABLE_OBJC_ARC = YES;
				CLANG_WARN_BOOL_CONVERSION = YES;
				CLANG_WARN_CONSTANT_CONVERSION = YES;
				CLANG_WARN_DIRECT_OBJC_ISA_USAGE = YES_ERROR;
				CLANG_WARN_EMPTY_BODY = YES;
				CLANG_WARN_ENUM_CONVERSION = YES;
				CLANG_WARN_INT_CONVERSION = YES;
				CLANG_WARN_OBJC_ROOT_CLASS = YES_ERROR;
				CLANG_WARN_UNREACHABLE_CODE = YES;
				CLANG_WARN__DUPLICATE_METHOD_MATCH = YES;
				"CODE_SIGN_IDENTITY[sdk=iphoneos*]" = "iPhone Developer";
				COPY_PHASE_STRIP = NO;
				DEBUG_INFORMATION_FORMAT = dwarf;
				ENABLE_STRICT_OBJC_MSGSEND = YES;
				ENABLE_TESTABILITY = YES;
				GCC_C_LANGUAGE_STANDARD = gnu99;
				GCC_DYNAMIC_NO_PIC = NO;
				GCC_NO_COMMON_BLOCKS = YES;
				GCC_OPTIMIZATION_LEVEL = 0;
				GCC_PREPROCESSOR_DEFINITIONS = (
					"DEBUG=1",
					"$(inherited)",
				);
				GCC_WARN_64_TO_32_BIT_CONVERSION = YES;
				GCC_WARN_ABOUT_RETURN_TYPE = YES_ERROR;
				GCC_WARN_UNDECLARED_SELECTOR = YES;
				GCC_WARN_UNINITIALIZED_AUTOS = YES_AGGRESSIVE;
				GCC_WARN_UNUSED_FUNCTION = YES;
				GCC_WARN_UNUSED_VARIABLE = YES;
				IPHONEOS_DEPLOYMENT_TARGET = 9.2;
				MTL_ENABLE_DEBUG_INFO = YES;
				ONLY_ACTIVE_ARCH = YES;
				SDKROOT = iphoneos;
				SWIFT_OPTIMIZATION_LEVEL = "-Onone";
				TARGETED_DEVICE_FAMILY = "1,2";
			};
			name = Debug;
		};
		AEAB71841C75B44E001C1FEA /* Release */ = {
			isa = XCBuildConfiguration;
			buildSettings = {
				ALWAYS_SEARCH_USER_PATHS = NO;
				CLANG_CXX_LANGUAGE_STANDARD = "gnu++0x";
				CLANG_CXX_LIBRARY = "libc++";
				CLANG_ENABLE_MODULES = YES;
				CLANG_ENABLE_OBJC_ARC = YES;
				CLANG_WARN_BOOL_CONVERSION = YES;
				CLANG_WARN_CONSTANT_CONVERSION = YES;
				CLANG_WARN_DIRECT_OBJC_ISA_USAGE = YES_ERROR;
				CLANG_WARN_EMPTY_BODY = YES;
				CLANG_WARN_ENUM_CONVERSION = YES;
				CLANG_WARN_INT_CONVERSION = YES;
				CLANG_WARN_OBJC_ROOT_CLASS = YES_ERROR;
				CLANG_WARN_UNREACHABLE_CODE = YES;
				CLANG_WARN__DUPLICATE_METHOD_MATCH = YES;
				"CODE_SIGN_IDENTITY[sdk=iphoneos*]" = "iPhone Developer";
				COPY_PHASE_STRIP = NO;
				DEBUG_INFORMATION_FORMAT = "dwarf-with-dsym";
				ENABLE_NS_ASSERTIONS = NO;
				ENABLE_STRICT_OBJC_MSGSEND = YES;
				GCC_C_LANGUAGE_STANDARD = gnu99;
				GCC_NO_COMMON_BLOCKS = YES;
				GCC_WARN_64_TO_32_BIT_CONVERSION = YES;
				GCC_WARN_ABOUT_RETURN_TYPE = YES_ERROR;
				GCC_WARN_UNDECLARED_SELECTOR = YES;
				GCC_WARN_UNINITIALIZED_AUTOS = YES_AGGRESSIVE;
				GCC_WARN_UNUSED_FUNCTION = YES;
				GCC_WARN_UNUSED_VARIABLE = YES;
				IPHONEOS_DEPLOYMENT_TARGET = 9.2;
				MTL_ENABLE_DEBUG_INFO = NO;
				SDKROOT = iphoneos;
				TARGETED_DEVICE_FAMILY = "1,2";
				VALIDATE_PRODUCT = YES;
			};
			name = Release;
		};
		AEAB71861C75B44E001C1FEA /* Debug */ = {
			isa = XCBuildConfiguration;
			buildSettings = {
				ASSETCATALOG_COMPILER_APPICON_NAME = AppIcon;
				INFOPLIST_FILE = Mailbox/Info.plist;
				LD_RUNPATH_SEARCH_PATHS = "$(inherited) @executable_path/Frameworks";
				PRODUCT_BUNDLE_IDENTIFIER = com.jenn.Mailbox;
				PRODUCT_NAME = "$(TARGET_NAME)";
			};
			name = Debug;
		};
		AEAB71871C75B44E001C1FEA /* Release */ = {
			isa = XCBuildConfiguration;
			buildSettings = {
				ASSETCATALOG_COMPILER_APPICON_NAME = AppIcon;
				INFOPLIST_FILE = Mailbox/Info.plist;
				LD_RUNPATH_SEARCH_PATHS = "$(inherited) @executable_path/Frameworks";
				PRODUCT_BUNDLE_IDENTIFIER = com.jenn.Mailbox;
				PRODUCT_NAME = "$(TARGET_NAME)";
			};
			name = Release;
		};
/* End XCBuildConfiguration section */

/* Begin XCConfigurationList section */
		AEAB716E1C75B44E001C1FEA /* Build configuration list for PBXProject "Mailbox" */ = {
			isa = XCConfigurationList;
			buildConfigurations = (
				AEAB71831C75B44E001C1FEA /* Debug */,
				AEAB71841C75B44E001C1FEA /* Release */,
			);
			defaultConfigurationIsVisible = 0;
			defaultConfigurationName = Release;
		};
		AEAB71851C75B44E001C1FEA /* Build configuration list for PBXNativeTarget "Mailbox" */ = {
			isa = XCConfigurationList;
			buildConfigurations = (
				AEAB71861C75B44E001C1FEA /* Debug */,
				AEAB71871C75B44E001C1FEA /* Release */,
			);
			defaultConfigurationIsVisible = 0;
		};
/* End XCConfigurationList section */
	};
	rootObject = AEAB716B1C75B44E001C1FEA /* Project object */;
}
